
Microsoft Visual Studio Solution File, Format Version 12.00
# Visual Studio Version 17
VisualStudioVersion = 17.3.32825.248
MinimumVisualStudioVersion = 10.0.40219.1
Project("{9A19103F-16F7-4668-BE54-9A1E7A4F7556}") = "BankingSystem", "BankingSystem\BankingSystem.csproj", "{6AEA6807-BBF2-49DD-A5EC-6EDF866099E6}"
EndProject
Project("{9A19103F-16F7-4668-BE54-9A1E7A4F7556}") = "BankingSystem.Data", "BankingSystem.Data\BankingSystem.Data.csproj", "{B3F02886-4B7D-4DF3-87B8-59456B2AFE00}"
EndProject
Project("{9A19103F-16F7-4668-BE54-9A1E7A4F7556}") = "BankingSystem.UnitTests", "BankingSystem.UnitTests\BankingSystem.UnitTests.csproj", "{508D3711-50E9-4E10-97FB-17EB27B5BF4E}"
EndProject
Project("{E53339B2-1760-4266-BCC7-CA923CBCF16C}") = "docker-compose", "docker-compose.dcproj", "{456E62F3-B04E-4340-AA60-909D386A05BD}"
EndProject
Global
	GlobalSection(SolutionConfigurationPlatforms) = preSolution
		Debug|Any CPU = Debug|Any CPU
		Release|Any CPU = Release|Any CPU
	EndGlobalSection
	GlobalSection(ProjectConfigurationPlatforms) = postSolution
		{6AEA6807-BBF2-49DD-A5EC-6EDF866099E6}.Debug|Any CPU.ActiveCfg = Debug|Any CPU
		{6AEA6807-BBF2-49DD-A5EC-6EDF866099E6}.Debug|Any CPU.Build.0 = Debug|Any CPU
		{6AEA6807-BBF2-49DD-A5EC-6EDF866099E6}.Release|Any CPU.ActiveCfg = Release|Any CPU
		{6AEA6807-BBF2-49DD-A5EC-6EDF866099E6}.Release|Any CPU.Build.0 = Release|Any CPU
		{B3F02886-4B7D-4DF3-87B8-59456B2AFE00}.Debug|Any CPU.ActiveCfg = Debug|Any CPU
		{B3F02886-4B7D-4DF3-87B8-59456B2AFE00}.Debug|Any CPU.Build.0 = Debug|Any CPU
		{B3F02886-4B7D-4DF3-87B8-59456B2AFE00}.Release|Any CPU.ActiveCfg = Release|Any CPU
		{B3F02886-4B7D-4DF3-87B8-59456B2AFE00}.Release|Any CPU.Build.0 = Release|Any CPU
		{508D3711-50E9-4E10-97FB-17EB27B5BF4E}.Debug|Any CPU.ActiveCfg = Debug|Any CPU
		{508D3711-50E9-4E10-97FB-17EB27B5BF4E}.Debug|Any CPU.Build.0 = Debug|Any CPU
		{508D3711-50E9-4E10-97FB-17EB27B5BF4E}.Release|Any CPU.ActiveCfg = Release|Any CPU
		{508D3711-50E9-4E10-97FB-17EB27B5BF4E}.Release|Any CPU.Build.0 = Release|Any CPU
		{456E62F3-B04E-4340-AA60-909D386A05BD}.Debug|Any CPU.ActiveCfg = Debug|Any CPU
		{456E62F3-B04E-4340-AA60-909D386A05BD}.Debug|Any CPU.Build.0 = Debug|Any CPU
		{456E62F3-B04E-4340-AA60-909D386A05BD}.Release|Any CPU.ActiveCfg = Release|Any CPU
		{456E62F3-B04E-4340-AA60-909D386A05BD}.Release|Any CPU.Build.0 = Release|Any CPU
	EndGlobalSection
	GlobalSection(SolutionProperties) = preSolution
		HideSolutionNode = FALSE
	EndGlobalSection
	GlobalSection(ExtensibilityGlobals) = postSolution
		SolutionGuid = {41C78A9A-1116-4619-A916-AC506F3329B6}
	EndGlobalSection
EndGlobal
